
Microsoft Visual Studio Solution File, Format Version 12.00
# Visual Studio Version 17
VisualStudioVersion = 17.10.34916.146
MinimumVisualStudioVersion = 10.0.40219.1
Project("{FAE04EC0-301F-11D3-BF4B-00C04F79EFBC}") = "Modulum", "Modulum.csproj", "{F0235B69-816E-4166-96CD-CEA5D97435DE}"
EndProject
Global
	GlobalSection(SolutionConfigurationPlatforms) = preSolution
		Debug|Any CPU = Debug|Any CPU
		Release|Any CPU = Release|Any CPU
	EndGlobalSection
	GlobalSection(ProjectConfigurationPlatforms) = postSolution
		{F0235B69-816E-4166-96CD-CEA5D97435DE}.Debug|Any CPU.ActiveCfg = Debug|Any CPU
		{F0235B69-816E-4166-96CD-CEA5D97435DE}.Debug|Any CPU.Build.0 = Debug|Any CPU
		{F0235B69-816E-4166-96CD-CEA5D97435DE}.Release|Any CPU.ActiveCfg = Release|Any CPU
		{F0235B69-816E-4166-96CD-CEA5D97435DE}.Release|Any CPU.Build.0 = Release|Any CPU
	EndGlobalSection
	GlobalSection(SolutionProperties) = preSolution
		HideSolutionNode = FALSE
	EndGlobalSection
	GlobalSection(ExtensibilityGlobals) = postSolution
		SolutionGuid = {6EA4BDED-F0B3-475C-8225-9EBABE8D8606}
	EndGlobalSection
EndGlobal
